// !$*UTF8*$!
{
	archiveVersion = 1;
	classes = {
	};
	objectVersion = 55;
	objects = {

/* Begin PBXBuildFile section */
		40083EDA2816FC6900F07F4A /* AppDelegate.swift in Sources */ = {isa = PBXBuildFile; fileRef = 40083ED92816FC6900F07F4A /* AppDelegate.swift */; };
		40083EDC2816FC6900F07F4A /* SceneDelegate.swift in Sources */ = {isa = PBXBuildFile; fileRef = 40083EDB2816FC6900F07F4A /* SceneDelegate.swift */; };
		40083EDE2816FC6900F07F4A /* CreditScoreViewController.swift in Sources */ = {isa = PBXBuildFile; fileRef = 40083EDD2816FC6900F07F4A /* CreditScoreViewController.swift */; };
		40083EE32816FC6B00F07F4A /* Assets.xcassets in Resources */ = {isa = PBXBuildFile; fileRef = 40083EE22816FC6B00F07F4A /* Assets.xcassets */; };
		40083EE62816FC6B00F07F4A /* LaunchScreen.storyboard in Resources */ = {isa = PBXBuildFile; fileRef = 40083EE42816FC6B00F07F4A /* LaunchScreen.storyboard */; };
		40083EFB2816FC6C00F07F4A /* CreditWiseUITests.swift in Sources */ = {isa = PBXBuildFile; fileRef = 40083EFA2816FC6C00F07F4A /* CreditWiseUITests.swift */; };
		40083EFD2816FC6C00F07F4A /* CreditWiseUITestsLaunchTests.swift in Sources */ = {isa = PBXBuildFile; fileRef = 40083EFC2816FC6C00F07F4A /* CreditWiseUITestsLaunchTests.swift */; };
		403751AA2821931F003C0EC4 /* CreditScoreViewModel.swift in Sources */ = {isa = PBXBuildFile; fileRef = 403751A92821931F003C0EC4 /* CreditScoreViewModel.swift */; };
		403751AE2821A59E003C0EC4 /* Dynamic.swift in Sources */ = {isa = PBXBuildFile; fileRef = 403751AD2821A59E003C0EC4 /* Dynamic.swift */; };
		403751B028221ECE003C0EC4 /* CreditScore.storyboard in Resources */ = {isa = PBXBuildFile; fileRef = 403751AF28221ECE003C0EC4 /* CreditScore.storyboard */; };
		403751B428222663003C0EC4 /* UIStoryboard+Loader.swift in Sources */ = {isa = PBXBuildFile; fileRef = 403751B32822213C003C0EC4 /* UIStoryboard+Loader.swift */; };
		403751B928223214003C0EC4 /* CreditValuesRepository.swift in Sources */ = {isa = PBXBuildFile; fileRef = 403751B828223214003C0EC4 /* CreditValuesRepository.swift */; };
		403751BC28223E76003C0EC4 /* RequestHandler.swift in Sources */ = {isa = PBXBuildFile; fileRef = 403751BB28223E76003C0EC4 /* RequestHandler.swift */; };
		403751C228225681003C0EC4 /* NetworkClient.swift in Sources */ = {isa = PBXBuildFile; fileRef = 403751C128225681003C0EC4 /* NetworkClient.swift */; };
		403751C428225CF0003C0EC4 /* CreditValuesRequest.swift in Sources */ = {isa = PBXBuildFile; fileRef = 403751C328225CF0003C0EC4 /* CreditValuesRequest.swift */; };
		403751C8282295B3003C0EC4 /* CreditValues.json in Resources */ = {isa = PBXBuildFile; fileRef = 403751C7282294A0003C0EC4 /* CreditValues.json */; };
		404107DF2823DB0D00DCAE0D /* CreditValuesRepositoryTests.swift in Sources */ = {isa = PBXBuildFile; fileRef = 404107DE2823DB0D00DCAE0D /* CreditValuesRepositoryTests.swift */; };
		40410821282429E400DCAE0D /* ResponseHandler.swift in Sources */ = {isa = PBXBuildFile; fileRef = 40410820282429E400DCAE0D /* ResponseHandler.swift */; };
		404108252824D77500DCAE0D /* Errors.swift in Sources */ = {isa = PBXBuildFile; fileRef = 404108242824D77500DCAE0D /* Errors.swift */; };
		40410829282516BF00DCAE0D /* CreditScoreView.xib in Resources */ = {isa = PBXBuildFile; fileRef = 40410828282516BF00DCAE0D /* CreditScoreView.xib */; };
		4041082B282517F500DCAE0D /* CreditScoreView.swift in Sources */ = {isa = PBXBuildFile; fileRef = 4041082A282517F500DCAE0D /* CreditScoreView.swift */; };
		4041082E2825226800DCAE0D /* UIVIew+NibLoader.swift in Sources */ = {isa = PBXBuildFile; fileRef = 4041082D2825226800DCAE0D /* UIVIew+NibLoader.swift */; };
		404108302825240D00DCAE0D /* View.swift in Sources */ = {isa = PBXBuildFile; fileRef = 4041082F2825240D00DCAE0D /* View.swift */; };
		4041083328253F2100DCAE0D /* NSAttributedString+Concatenate.swift in Sources */ = {isa = PBXBuildFile; fileRef = 4041083228253F2100DCAE0D /* NSAttributedString+Concatenate.swift */; };
		4041083928254D7200DCAE0D /* UIViewController+NavBarStyling.swift in Sources */ = {isa = PBXBuildFile; fileRef = 4041083828254D7200DCAE0D /* UIViewController+NavBarStyling.swift */; };
		40FE5AEA281A72FE00B6C5BE /* CreditValuesModels.swift in Sources */ = {isa = PBXBuildFile; fileRef = 40FE5AE9281A72FE00B6C5BE /* CreditValuesModels.swift */; };
		40FE5AEB281A72FE00B6C5BE /* CreditValuesModels.swift in Sources */ = {isa = PBXBuildFile; fileRef = 40FE5AE9281A72FE00B6C5BE /* CreditValuesModels.swift */; };
		40FE5AEE281B47F300B6C5BE /* CreditValuesRequestsTests.swift in Sources */ = {isa = PBXBuildFile; fileRef = 40FE5AEC281B47F300B6C5BE /* CreditValuesRequestsTests.swift */; };
		40FE5AF7281BEEF800B6C5BE /* NetworkClientTests.swift in Sources */ = {isa = PBXBuildFile; fileRef = 40FE5AF6281BEEF800B6C5BE /* NetworkClientTests.swift */; };
/* End PBXBuildFile section */

/* Begin PBXContainerItemProxy section */
		40083EED2816FC6B00F07F4A /* PBXContainerItemProxy */ = {
			isa = PBXContainerItemProxy;
			containerPortal = 40083ECE2816FC6900F07F4A /* Project object */;
			proxyType = 1;
			remoteGlobalIDString = 40083ED52816FC6900F07F4A;
			remoteInfo = CreditWise;
		};
		40083EF72816FC6B00F07F4A /* PBXContainerItemProxy */ = {
			isa = PBXContainerItemProxy;
			containerPortal = 40083ECE2816FC6900F07F4A /* Project object */;
			proxyType = 1;
			remoteGlobalIDString = 40083ED52816FC6900F07F4A;
			remoteInfo = CreditWise;
		};
/* End PBXContainerItemProxy section */

/* Begin PBXFileReference section */
		40083ED62816FC6900F07F4A /* CreditWise.app */ = {isa = PBXFileReference; explicitFileType = wrapper.application; includeInIndex = 0; path = CreditWise.app; sourceTree = BUILT_PRODUCTS_DIR; };
		40083ED92816FC6900F07F4A /* AppDelegate.swift */ = {isa = PBXFileReference; lastKnownFileType = sourcecode.swift; path = AppDelegate.swift; sourceTree = "<group>"; };
		40083EDB2816FC6900F07F4A /* SceneDelegate.swift */ = {isa = PBXFileReference; lastKnownFileType = sourcecode.swift; path = SceneDelegate.swift; sourceTree = "<group>"; };
		40083EDD2816FC6900F07F4A /* CreditScoreViewController.swift */ = {isa = PBXFileReference; lastKnownFileType = sourcecode.swift; path = CreditScoreViewController.swift; sourceTree = "<group>"; };
		40083EE22816FC6B00F07F4A /* Assets.xcassets */ = {isa = PBXFileReference; lastKnownFileType = folder.assetcatalog; path = Assets.xcassets; sourceTree = "<group>"; };
		40083EE52816FC6B00F07F4A /* Base */ = {isa = PBXFileReference; lastKnownFileType = file.storyboard; name = Base; path = Base.lproj/LaunchScreen.storyboard; sourceTree = "<group>"; };
		40083EE72816FC6B00F07F4A /* Info.plist */ = {isa = PBXFileReference; lastKnownFileType = text.plist.xml; path = Info.plist; sourceTree = "<group>"; };
		40083EEC2816FC6B00F07F4A /* CreditWiseTests.xctest */ = {isa = PBXFileReference; explicitFileType = wrapper.cfbundle; includeInIndex = 0; path = CreditWiseTests.xctest; sourceTree = BUILT_PRODUCTS_DIR; };
		40083EF62816FC6B00F07F4A /* CreditWiseUITests.xctest */ = {isa = PBXFileReference; explicitFileType = wrapper.cfbundle; includeInIndex = 0; path = CreditWiseUITests.xctest; sourceTree = BUILT_PRODUCTS_DIR; };
		40083EFA2816FC6C00F07F4A /* CreditWiseUITests.swift */ = {isa = PBXFileReference; lastKnownFileType = sourcecode.swift; path = CreditWiseUITests.swift; sourceTree = "<group>"; };
		40083EFC2816FC6C00F07F4A /* CreditWiseUITestsLaunchTests.swift */ = {isa = PBXFileReference; lastKnownFileType = sourcecode.swift; path = CreditWiseUITestsLaunchTests.swift; sourceTree = "<group>"; };
		403751A92821931F003C0EC4 /* CreditScoreViewModel.swift */ = {isa = PBXFileReference; lastKnownFileType = sourcecode.swift; path = CreditScoreViewModel.swift; sourceTree = "<group>"; };
		403751AD2821A59E003C0EC4 /* Dynamic.swift */ = {isa = PBXFileReference; lastKnownFileType = sourcecode.swift; path = Dynamic.swift; sourceTree = "<group>"; };
		403751AF28221ECE003C0EC4 /* CreditScore.storyboard */ = {isa = PBXFileReference; lastKnownFileType = file.storyboard; path = CreditScore.storyboard; sourceTree = "<group>"; };
		403751B32822213C003C0EC4 /* UIStoryboard+Loader.swift */ = {isa = PBXFileReference; lastKnownFileType = sourcecode.swift; path = "UIStoryboard+Loader.swift"; sourceTree = "<group>"; };
		403751B828223214003C0EC4 /* CreditValuesRepository.swift */ = {isa = PBXFileReference; lastKnownFileType = sourcecode.swift; path = CreditValuesRepository.swift; sourceTree = "<group>"; };
		403751BB28223E76003C0EC4 /* RequestHandler.swift */ = {isa = PBXFileReference; lastKnownFileType = sourcecode.swift; path = RequestHandler.swift; sourceTree = "<group>"; };
		403751C128225681003C0EC4 /* NetworkClient.swift */ = {isa = PBXFileReference; lastKnownFileType = sourcecode.swift; path = NetworkClient.swift; sourceTree = "<group>"; };
		403751C328225CF0003C0EC4 /* CreditValuesRequest.swift */ = {isa = PBXFileReference; lastKnownFileType = sourcecode.swift; path = CreditValuesRequest.swift; sourceTree = "<group>"; };
		403751C7282294A0003C0EC4 /* CreditValues.json */ = {isa = PBXFileReference; lastKnownFileType = text.json; path = CreditValues.json; sourceTree = "<group>"; };
		404107DE2823DB0D00DCAE0D /* CreditValuesRepositoryTests.swift */ = {isa = PBXFileReference; lastKnownFileType = sourcecode.swift; path = CreditValuesRepositoryTests.swift; sourceTree = "<group>"; };
		40410820282429E400DCAE0D /* ResponseHandler.swift */ = {isa = PBXFileReference; lastKnownFileType = sourcecode.swift; path = ResponseHandler.swift; sourceTree = "<group>"; };
		404108242824D77500DCAE0D /* Errors.swift */ = {isa = PBXFileReference; lastKnownFileType = sourcecode.swift; path = Errors.swift; sourceTree = "<group>"; };
		40410828282516BF00DCAE0D /* CreditScoreView.xib */ = {isa = PBXFileReference; lastKnownFileType = file.xib; path = CreditScoreView.xib; sourceTree = "<group>"; };
		4041082A282517F500DCAE0D /* CreditScoreView.swift */ = {isa = PBXFileReference; lastKnownFileType = sourcecode.swift; path = CreditScoreView.swift; sourceTree = "<group>"; };
		4041082D2825226800DCAE0D /* UIVIew+NibLoader.swift */ = {isa = PBXFileReference; lastKnownFileType = sourcecode.swift; path = "UIVIew+NibLoader.swift"; sourceTree = "<group>"; };
		4041082F2825240D00DCAE0D /* View.swift */ = {isa = PBXFileReference; lastKnownFileType = sourcecode.swift; path = View.swift; sourceTree = "<group>"; };
		4041083228253F2100DCAE0D /* NSAttributedString+Concatenate.swift */ = {isa = PBXFileReference; lastKnownFileType = sourcecode.swift; path = "NSAttributedString+Concatenate.swift"; sourceTree = "<group>"; };
		4041083828254D7200DCAE0D /* UIViewController+NavBarStyling.swift */ = {isa = PBXFileReference; lastKnownFileType = sourcecode.swift; path = "UIViewController+NavBarStyling.swift"; sourceTree = "<group>"; };
		40FE5AE9281A72FE00B6C5BE /* CreditValuesModels.swift */ = {isa = PBXFileReference; lastKnownFileType = sourcecode.swift; path = CreditValuesModels.swift; sourceTree = "<group>"; };
		40FE5AEC281B47F300B6C5BE /* CreditValuesRequestsTests.swift */ = {isa = PBXFileReference; lastKnownFileType = sourcecode.swift; path = CreditValuesRequestsTests.swift; sourceTree = "<group>"; };
		40FE5AF6281BEEF800B6C5BE /* NetworkClientTests.swift */ = {isa = PBXFileReference; lastKnownFileType = sourcecode.swift; path = NetworkClientTests.swift; sourceTree = "<group>"; };
/* End PBXFileReference section */

/* Begin PBXFrameworksBuildPhase section */
		40083ED32816FC6900F07F4A /* Frameworks */ = {
			isa = PBXFrameworksBuildPhase;
			buildActionMask = 2147483647;
			files = (
			);
			runOnlyForDeploymentPostprocessing = 0;
		};
		40083EE92816FC6B00F07F4A /* Frameworks */ = {
			isa = PBXFrameworksBuildPhase;
			buildActionMask = 2147483647;
			files = (
			);
			runOnlyForDeploymentPostprocessing = 0;
		};
		40083EF32816FC6B00F07F4A /* Frameworks */ = {
			isa = PBXFrameworksBuildPhase;
			buildActionMask = 2147483647;
			files = (
			);
			runOnlyForDeploymentPostprocessing = 0;
		};
/* End PBXFrameworksBuildPhase section */

/* Begin PBXGroup section */
		40083ECD2816FC6900F07F4A = {
			isa = PBXGroup;
			children = (
				40083ED82816FC6900F07F4A /* CreditWise */,
				40083EEF2816FC6B00F07F4A /* CreditWiseTests */,
				40083EF92816FC6C00F07F4A /* CreditWiseUITests */,
				40083ED72816FC6900F07F4A /* Products */,
			);
			sourceTree = "<group>";
		};
		40083ED72816FC6900F07F4A /* Products */ = {
			isa = PBXGroup;
			children = (
				40083ED62816FC6900F07F4A /* CreditWise.app */,
				40083EEC2816FC6B00F07F4A /* CreditWiseTests.xctest */,
				40083EF62816FC6B00F07F4A /* CreditWiseUITests.xctest */,
			);
			name = Products;
			sourceTree = "<group>";
		};
		40083ED82816FC6900F07F4A /* CreditWise */ = {
			isa = PBXGroup;
			children = (
				403751BA28223E2A003C0EC4 /* Network */,
				403751B5282231B8003C0EC4 /* CreditScore */,
				403751B228222118003C0EC4 /* Extensions */,
				4041083128253EF300DCAE0D /* Overloads */,
				40083ED92816FC6900F07F4A /* AppDelegate.swift */,
				40083EDB2816FC6900F07F4A /* SceneDelegate.swift */,
				403751AD2821A59E003C0EC4 /* Dynamic.swift */,
				40083EE22816FC6B00F07F4A /* Assets.xcassets */,
				40083EE42816FC6B00F07F4A /* LaunchScreen.storyboard */,
				40083EE72816FC6B00F07F4A /* Info.plist */,
			);
			path = CreditWise;
			sourceTree = "<group>";
		};
		40083EEF2816FC6B00F07F4A /* CreditWiseTests */ = {
			isa = PBXGroup;
			children = (
				403751C628229449003C0EC4 /* Stubs */,
				40FE5AEC281B47F300B6C5BE /* CreditValuesRequestsTests.swift */,
				40FE5AF6281BEEF800B6C5BE /* NetworkClientTests.swift */,
				404107DE2823DB0D00DCAE0D /* CreditValuesRepositoryTests.swift */,
			);
			path = CreditWiseTests;
			sourceTree = "<group>";
		};
		40083EF92816FC6C00F07F4A /* CreditWiseUITests */ = {
			isa = PBXGroup;
			children = (
				40083EFA2816FC6C00F07F4A /* CreditWiseUITests.swift */,
				40083EFC2816FC6C00F07F4A /* CreditWiseUITestsLaunchTests.swift */,
			);
			path = CreditWiseUITests;
			sourceTree = "<group>";
		};
		403751B228222118003C0EC4 /* Extensions */ = {
			isa = PBXGroup;
			children = (
				403751B32822213C003C0EC4 /* UIStoryboard+Loader.swift */,
				4041082D2825226800DCAE0D /* UIVIew+NibLoader.swift */,
				4041083828254D7200DCAE0D /* UIViewController+NavBarStyling.swift */,
			);
			name = Extensions;
			sourceTree = "<group>";
		};
		403751B5282231B8003C0EC4 /* CreditScore */ = {
			isa = PBXGroup;
			children = (
				403751B7282231D7003C0EC4 /* Repository */,
				403751B6282231CA003C0EC4 /* View */,
			);
			name = CreditScore;
			sourceTree = "<group>";
		};
		403751B6282231CA003C0EC4 /* View */ = {
			isa = PBXGroup;
			children = (
				4041082C282518C000DCAE0D /* CreditScoreView */,
				403751AF28221ECE003C0EC4 /* CreditScore.storyboard */,
				40083EDD2816FC6900F07F4A /* CreditScoreViewController.swift */,
				403751A92821931F003C0EC4 /* CreditScoreViewModel.swift */,
			);
			name = View;
			sourceTree = "<group>";
		};
		403751B7282231D7003C0EC4 /* Repository */ = {
			isa = PBXGroup;
			children = (
				404107DD2823D37800DCAE0D /* Model */,
				403751B828223214003C0EC4 /* CreditValuesRepository.swift */,
				403751C328225CF0003C0EC4 /* CreditValuesRequest.swift */,
			);
			name = Repository;
			sourceTree = "<group>";
		};
		403751BA28223E2A003C0EC4 /* Network */ = {
			isa = PBXGroup;
			children = (
				403751BB28223E76003C0EC4 /* RequestHandler.swift */,
				40410820282429E400DCAE0D /* ResponseHandler.swift */,
				403751C128225681003C0EC4 /* NetworkClient.swift */,
				404108242824D77500DCAE0D /* Errors.swift */,
			);
			name = Network;
			sourceTree = "<group>";
		};
		403751C628229449003C0EC4 /* Stubs */ = {
			isa = PBXGroup;
			children = (
				403751C7282294A0003C0EC4 /* CreditValues.json */,
			);
			path = Stubs;
			sourceTree = "<group>";
		};
		404107DD2823D37800DCAE0D /* Model */ = {
			isa = PBXGroup;
			children = (
				40FE5AE9281A72FE00B6C5BE /* CreditValuesModels.swift */,
			);
			name = Model;
			sourceTree = "<group>";
		};
		4041082C282518C000DCAE0D /* CreditScoreView */ = {
			isa = PBXGroup;
			children = (
				4041082F2825240D00DCAE0D /* View.swift */,
				4041082A282517F500DCAE0D /* CreditScoreView.swift */,
				40410828282516BF00DCAE0D /* CreditScoreView.xib */,
			);
			name = CreditScoreView;
			sourceTree = "<group>";
		};
		4041083128253EF300DCAE0D /* Overloads */ = {
			isa = PBXGroup;
			children = (
				4041083228253F2100DCAE0D /* NSAttributedString+Concatenate.swift */,
			);
			name = Overloads;
			sourceTree = "<group>";
		};
/* End PBXGroup section */

/* Begin PBXNativeTarget section */
		40083ED52816FC6900F07F4A /* CreditWise */ = {
			isa = PBXNativeTarget;
			buildConfigurationList = 40083F002816FC6C00F07F4A /* Build configuration list for PBXNativeTarget "CreditWise" */;
			buildPhases = (
				40083ED22816FC6900F07F4A /* Sources */,
				40083ED32816FC6900F07F4A /* Frameworks */,
				40083ED42816FC6900F07F4A /* Resources */,
			);
			buildRules = (
			);
			dependencies = (
			);
			name = CreditWise;
			productName = CreditWise;
			productReference = 40083ED62816FC6900F07F4A /* CreditWise.app */;
			productType = "com.apple.product-type.application";
		};
		40083EEB2816FC6B00F07F4A /* CreditWiseTests */ = {
			isa = PBXNativeTarget;
			buildConfigurationList = 40083F032816FC6C00F07F4A /* Build configuration list for PBXNativeTarget "CreditWiseTests" */;
			buildPhases = (
				40083EE82816FC6B00F07F4A /* Sources */,
				40083EE92816FC6B00F07F4A /* Frameworks */,
				40083EEA2816FC6B00F07F4A /* Resources */,
			);
			buildRules = (
			);
			dependencies = (
				40083EEE2816FC6B00F07F4A /* PBXTargetDependency */,
			);
			name = CreditWiseTests;
			productName = CreditWiseTests;
			productReference = 40083EEC2816FC6B00F07F4A /* CreditWiseTests.xctest */;
			productType = "com.apple.product-type.bundle.unit-test";
		};
		40083EF52816FC6B00F07F4A /* CreditWiseUITests */ = {
			isa = PBXNativeTarget;
			buildConfigurationList = 40083F062816FC6C00F07F4A /* Build configuration list for PBXNativeTarget "CreditWiseUITests" */;
			buildPhases = (
				40083EF22816FC6B00F07F4A /* Sources */,
				40083EF32816FC6B00F07F4A /* Frameworks */,
				40083EF42816FC6B00F07F4A /* Resources */,
			);
			buildRules = (
			);
			dependencies = (
				40083EF82816FC6B00F07F4A /* PBXTargetDependency */,
			);
			name = CreditWiseUITests;
			productName = CreditWiseUITests;
			productReference = 40083EF62816FC6B00F07F4A /* CreditWiseUITests.xctest */;
			productType = "com.apple.product-type.bundle.ui-testing";
		};
/* End PBXNativeTarget section */

/* Begin PBXProject section */
		40083ECE2816FC6900F07F4A /* Project object */ = {
			isa = PBXProject;
			attributes = {
				BuildIndependentTargetsInParallel = 1;
				LastSwiftUpdateCheck = 1320;
				LastUpgradeCheck = 1320;
				TargetAttributes = {
					40083ED52816FC6900F07F4A = {
						CreatedOnToolsVersion = 13.2.1;
					};
					40083EEB2816FC6B00F07F4A = {
						CreatedOnToolsVersion = 13.2.1;
						TestTargetID = 40083ED52816FC6900F07F4A;
					};
					40083EF52816FC6B00F07F4A = {
						CreatedOnToolsVersion = 13.2.1;
						TestTargetID = 40083ED52816FC6900F07F4A;
					};
				};
			};
			buildConfigurationList = 40083ED12816FC6900F07F4A /* Build configuration list for PBXProject "CreditWise" */;
			compatibilityVersion = "Xcode 13.0";
			developmentRegion = en;
			hasScannedForEncodings = 0;
			knownRegions = (
				en,
				Base,
			);
			mainGroup = 40083ECD2816FC6900F07F4A;
			productRefGroup = 40083ED72816FC6900F07F4A /* Products */;
			projectDirPath = "";
			projectRoot = "";
			targets = (
				40083ED52816FC6900F07F4A /* CreditWise */,
				40083EEB2816FC6B00F07F4A /* CreditWiseTests */,
				40083EF52816FC6B00F07F4A /* CreditWiseUITests */,
			);
		};
/* End PBXProject section */

/* Begin PBXResourcesBuildPhase section */
		40083ED42816FC6900F07F4A /* Resources */ = {
			isa = PBXResourcesBuildPhase;
			buildActionMask = 2147483647;
			files = (
				403751B028221ECE003C0EC4 /* CreditScore.storyboard in Resources */,
				40083EE62816FC6B00F07F4A /* LaunchScreen.storyboard in Resources */,
				40410829282516BF00DCAE0D /* CreditScoreView.xib in Resources */,
				40083EE32816FC6B00F07F4A /* Assets.xcassets in Resources */,
			);
			runOnlyForDeploymentPostprocessing = 0;
		};
		40083EEA2816FC6B00F07F4A /* Resources */ = {
			isa = PBXResourcesBuildPhase;
			buildActionMask = 2147483647;
			files = (
				403751C8282295B3003C0EC4 /* CreditValues.json in Resources */,
			);
			runOnlyForDeploymentPostprocessing = 0;
		};
		40083EF42816FC6B00F07F4A /* Resources */ = {
			isa = PBXResourcesBuildPhase;
			buildActionMask = 2147483647;
			files = (
			);
			runOnlyForDeploymentPostprocessing = 0;
		};
/* End PBXResourcesBuildPhase section */

/* Begin PBXSourcesBuildPhase section */
		40083ED22816FC6900F07F4A /* Sources */ = {
			isa = PBXSourcesBuildPhase;
			buildActionMask = 2147483647;
			files = (
				404108302825240D00DCAE0D /* View.swift in Sources */,
				403751C428225CF0003C0EC4 /* CreditValuesRequest.swift in Sources */,
				403751B928223214003C0EC4 /* CreditValuesRepository.swift in Sources */,
				403751B428222663003C0EC4 /* UIStoryboard+Loader.swift in Sources */,
				40083EDE2816FC6900F07F4A /* CreditScoreViewController.swift in Sources */,
				4041082B282517F500DCAE0D /* CreditScoreView.swift in Sources */,
				403751C228225681003C0EC4 /* NetworkClient.swift in Sources */,
				4041083928254D7200DCAE0D /* UIViewController+NavBarStyling.swift in Sources */,
				4041083328253F2100DCAE0D /* NSAttributedString+Concatenate.swift in Sources */,
				40410821282429E400DCAE0D /* ResponseHandler.swift in Sources */,
				403751AE2821A59E003C0EC4 /* Dynamic.swift in Sources */,
				404108252824D77500DCAE0D /* Errors.swift in Sources */,
				403751BC28223E76003C0EC4 /* RequestHandler.swift in Sources */,
				4041082E2825226800DCAE0D /* UIVIew+NibLoader.swift in Sources */,
				40083EDA2816FC6900F07F4A /* AppDelegate.swift in Sources */,
				40083EDC2816FC6900F07F4A /* SceneDelegate.swift in Sources */,
				403751AA2821931F003C0EC4 /* CreditScoreViewModel.swift in Sources */,
				40FE5AEA281A72FE00B6C5BE /* CreditValuesModels.swift in Sources */,
			);
			runOnlyForDeploymentPostprocessing = 0;
		};
		40083EE82816FC6B00F07F4A /* Sources */ = {
			isa = PBXSourcesBuildPhase;
			buildActionMask = 2147483647;
			files = (
				40FE5AEB281A72FE00B6C5BE /* CreditValuesModels.swift in Sources */,
				40FE5AF7281BEEF800B6C5BE /* NetworkClientTests.swift in Sources */,
				40FE5AEE281B47F300B6C5BE /* CreditValuesRequestsTests.swift in Sources */,
				404107DF2823DB0D00DCAE0D /* CreditValuesRepositoryTests.swift in Sources */,
			);
			runOnlyForDeploymentPostprocessing = 0;
		};
		40083EF22816FC6B00F07F4A /* Sources */ = {
			isa = PBXSourcesBuildPhase;
			buildActionMask = 2147483647;
			files = (
				40083EFB2816FC6C00F07F4A /* CreditWiseUITests.swift in Sources */,
				40083EFD2816FC6C00F07F4A /* CreditWiseUITestsLaunchTests.swift in Sources */,
			);
			runOnlyForDeploymentPostprocessing = 0;
		};
/* End PBXSourcesBuildPhase section */

/* Begin PBXTargetDependency section */
		40083EEE2816FC6B00F07F4A /* PBXTargetDependency */ = {
			isa = PBXTargetDependency;
			target = 40083ED52816FC6900F07F4A /* CreditWise */;
			targetProxy = 40083EED2816FC6B00F07F4A /* PBXContainerItemProxy */;
		};
		40083EF82816FC6B00F07F4A /* PBXTargetDependency */ = {
			isa = PBXTargetDependency;
			target = 40083ED52816FC6900F07F4A /* CreditWise */;
			targetProxy = 40083EF72816FC6B00F07F4A /* PBXContainerItemProxy */;
		};
/* End PBXTargetDependency section */

/* Begin PBXVariantGroup section */
		40083EE42816FC6B00F07F4A /* LaunchScreen.storyboard */ = {
			isa = PBXVariantGroup;
			children = (
				40083EE52816FC6B00F07F4A /* Base */,
			);
			name = LaunchScreen.storyboard;
			sourceTree = "<group>";
		};
/* End PBXVariantGroup section */

/* Begin XCBuildConfiguration section */
		40083EFE2816FC6C00F07F4A /* Debug */ = {
			isa = XCBuildConfiguration;
			buildSettings = {
				ALWAYS_SEARCH_USER_PATHS = NO;
				CLANG_ANALYZER_NONNULL = YES;
				CLANG_ANALYZER_NUMBER_OBJECT_CONVERSION = YES_AGGRESSIVE;
				CLANG_CXX_LANGUAGE_STANDARD = "gnu++17";
				CLANG_CXX_LIBRARY = "libc++";
				CLANG_ENABLE_MODULES = YES;
				CLANG_ENABLE_OBJC_ARC = YES;
				CLANG_ENABLE_OBJC_WEAK = YES;
				CLANG_WARN_BLOCK_CAPTURE_AUTORELEASING = YES;
				CLANG_WARN_BOOL_CONVERSION = YES;
				CLANG_WARN_COMMA = YES;
				CLANG_WARN_CONSTANT_CONVERSION = YES;
				CLANG_WARN_DEPRECATED_OBJC_IMPLEMENTATIONS = YES;
				CLANG_WARN_DIRECT_OBJC_ISA_USAGE = YES_ERROR;
				CLANG_WARN_DOCUMENTATION_COMMENTS = YES;
				CLANG_WARN_EMPTY_BODY = YES;
				CLANG_WARN_ENUM_CONVERSION = YES;
				CLANG_WARN_INFINITE_RECURSION = YES;
				CLANG_WARN_INT_CONVERSION = YES;
				CLANG_WARN_NON_LITERAL_NULL_CONVERSION = YES;
				CLANG_WARN_OBJC_IMPLICIT_RETAIN_SELF = YES;
				CLANG_WARN_OBJC_LITERAL_CONVERSION = YES;
				CLANG_WARN_OBJC_ROOT_CLASS = YES_ERROR;
				CLANG_WARN_QUOTED_INCLUDE_IN_FRAMEWORK_HEADER = YES;
				CLANG_WARN_RANGE_LOOP_ANALYSIS = YES;
				CLANG_WARN_STRICT_PROTOTYPES = YES;
				CLANG_WARN_SUSPICIOUS_MOVE = YES;
				CLANG_WARN_UNGUARDED_AVAILABILITY = YES_AGGRESSIVE;
				CLANG_WARN_UNREACHABLE_CODE = YES;
				CLANG_WARN__DUPLICATE_METHOD_MATCH = YES;
				COPY_PHASE_STRIP = NO;
				DEBUG_INFORMATION_FORMAT = dwarf;
				ENABLE_STRICT_OBJC_MSGSEND = YES;
				ENABLE_TESTABILITY = YES;
				GCC_C_LANGUAGE_STANDARD = gnu11;
				GCC_DYNAMIC_NO_PIC = NO;
				GCC_NO_COMMON_BLOCKS = YES;
				GCC_OPTIMIZATION_LEVEL = 0;
				GCC_PREPROCESSOR_DEFINITIONS = (
					"DEBUG=1",
					"$(inherited)",
				);
				GCC_WARN_64_TO_32_BIT_CONVERSION = YES;
				GCC_WARN_ABOUT_RETURN_TYPE = YES_ERROR;
				GCC_WARN_UNDECLARED_SELECTOR = YES;
				GCC_WARN_UNINITIALIZED_AUTOS = YES_AGGRESSIVE;
				GCC_WARN_UNUSED_FUNCTION = YES;
				GCC_WARN_UNUSED_VARIABLE = YES;
				IPHONEOS_DEPLOYMENT_TARGET = 15.2;
				MTL_ENABLE_DEBUG_INFO = INCLUDE_SOURCE;
				MTL_FAST_MATH = YES;
				ONLY_ACTIVE_ARCH = YES;
				SDKROOT = iphoneos;
				SWIFT_ACTIVE_COMPILATION_CONDITIONS = DEBUG;
				SWIFT_OPTIMIZATION_LEVEL = "-Onone";
			};
			name = Debug;
		};
		40083EFF2816FC6C00F07F4A /* Release */ = {
			isa = XCBuildConfiguration;
			buildSettings = {
				ALWAYS_SEARCH_USER_PATHS = NO;
				CLANG_ANALYZER_NONNULL = YES;
				CLANG_ANALYZER_NUMBER_OBJECT_CONVERSION = YES_AGGRESSIVE;
				CLANG_CXX_LANGUAGE_STANDARD = "gnu++17";
				CLANG_CXX_LIBRARY = "libc++";
				CLANG_ENABLE_MODULES = YES;
				CLANG_ENABLE_OBJC_ARC = YES;
				CLANG_ENABLE_OBJC_WEAK = YES;
				CLANG_WARN_BLOCK_CAPTURE_AUTORELEASING = YES;
				CLANG_WARN_BOOL_CONVERSION = YES;
				CLANG_WARN_COMMA = YES;
				CLANG_WARN_CONSTANT_CONVERSION = YES;
				CLANG_WARN_DEPRECATED_OBJC_IMPLEMENTATIONS = YES;
				CLANG_WARN_DIRECT_OBJC_ISA_USAGE = YES_ERROR;
				CLANG_WARN_DOCUMENTATION_COMMENTS = YES;
				CLANG_WARN_EMPTY_BODY = YES;
				CLANG_WARN_ENUM_CONVERSION = YES;
				CLANG_WARN_INFINITE_RECURSION = YES;
				CLANG_WARN_INT_CONVERSION = YES;
				CLANG_WARN_NON_LITERAL_NULL_CONVERSION = YES;
				CLANG_WARN_OBJC_IMPLICIT_RETAIN_SELF = YES;
				CLANG_WARN_OBJC_LITERAL_CONVERSION = YES;
				CLANG_WARN_OBJC_ROOT_CLASS = YES_ERROR;
				CLANG_WARN_QUOTED_INCLUDE_IN_FRAMEWORK_HEADER = YES;
				CLANG_WARN_RANGE_LOOP_ANALYSIS = YES;
				CLANG_WARN_STRICT_PROTOTYPES = YES;
				CLANG_WARN_SUSPICIOUS_MOVE = YES;
				CLANG_WARN_UNGUARDED_AVAILABILITY = YES_AGGRESSIVE;
				CLANG_WARN_UNREACHABLE_CODE = YES;
				CLANG_WARN__DUPLICATE_METHOD_MATCH = YES;
				COPY_PHASE_STRIP = NO;
				DEBUG_INFORMATION_FORMAT = "dwarf-with-dsym";
				ENABLE_NS_ASSERTIONS = NO;
				ENABLE_STRICT_OBJC_MSGSEND = YES;
				GCC_C_LANGUAGE_STANDARD = gnu11;
				GCC_NO_COMMON_BLOCKS = YES;
				GCC_WARN_64_TO_32_BIT_CONVERSION = YES;
				GCC_WARN_ABOUT_RETURN_TYPE = YES_ERROR;
				GCC_WARN_UNDECLARED_SELECTOR = YES;
				GCC_WARN_UNINITIALIZED_AUTOS = YES_AGGRESSIVE;
				GCC_WARN_UNUSED_FUNCTION = YES;
				GCC_WARN_UNUSED_VARIABLE = YES;
				IPHONEOS_DEPLOYMENT_TARGET = 15.2;
				MTL_ENABLE_DEBUG_INFO = NO;
				MTL_FAST_MATH = YES;
				SDKROOT = iphoneos;
				SWIFT_COMPILATION_MODE = wholemodule;
				SWIFT_OPTIMIZATION_LEVEL = "-O";
				VALIDATE_PRODUCT = YES;
			};
			name = Release;
		};
		40083F012816FC6C00F07F4A /* Debug */ = {
			isa = XCBuildConfiguration;
			buildSettings = {
				ASSETCATALOG_COMPILER_APPICON_NAME = AppIcon;
				ASSETCATALOG_COMPILER_GLOBAL_ACCENT_COLOR_NAME = AccentColor;
				CODE_SIGN_STYLE = Automatic;
				CURRENT_PROJECT_VERSION = 1;
				GENERATE_INFOPLIST_FILE = YES;
				INFOPLIST_FILE = CreditWise/Info.plist;
				INFOPLIST_KEY_UIApplicationSupportsIndirectInputEvents = YES;
				INFOPLIST_KEY_UILaunchStoryboardName = LaunchScreen;
				INFOPLIST_KEY_UIRequiresFullScreen = NO;
				INFOPLIST_KEY_UISupportedInterfaceOrientations_iPad = "UIInterfaceOrientationPortrait UIInterfaceOrientationPortraitUpsideDown UIInterfaceOrientationLandscapeLeft UIInterfaceOrientationLandscapeRight";
				INFOPLIST_KEY_UISupportedInterfaceOrientations_iPhone = "UIInterfaceOrientationPortrait UIInterfaceOrientationLandscapeLeft UIInterfaceOrientationLandscapeRight";
				LD_RUNPATH_SEARCH_PATHS = (
					"$(inherited)",
					"@executable_path/Frameworks",
				);
				MARKETING_VERSION = 1.0;
				PRODUCT_BUNDLE_IDENTIFIER = com.edwardseshoka.CreditWise;
				PRODUCT_NAME = "$(TARGET_NAME)";
				SWIFT_EMIT_LOC_STRINGS = YES;
				SWIFT_VERSION = 5.0;
				TARGETED_DEVICE_FAMILY = "1,2";
			};
			name = Debug;
		};
		40083F022816FC6C00F07F4A /* Release */ = {
			isa = XCBuildConfiguration;
			buildSettings = {
				ASSETCATALOG_COMPILER_APPICON_NAME = AppIcon;
				ASSETCATALOG_COMPILER_GLOBAL_ACCENT_COLOR_NAME = AccentColor;
				CODE_SIGN_STYLE = Automatic;
				CURRENT_PROJECT_VERSION = 1;
				GENERATE_INFOPLIST_FILE = YES;
				INFOPLIST_FILE = CreditWise/Info.plist;
				INFOPLIST_KEY_UIApplicationSupportsIndirectInputEvents = YES;
				INFOPLIST_KEY_UILaunchStoryboardName = LaunchScreen;
				INFOPLIST_KEY_UIRequiresFullScreen = NO;
				INFOPLIST_KEY_UISupportedInterfaceOrientations_iPad = "UIInterfaceOrientationPortrait UIInterfaceOrientationPortraitUpsideDown UIInterfaceOrientationLandscapeLeft UIInterfaceOrientationLandscapeRight";
				INFOPLIST_KEY_UISupportedInterfaceOrientations_iPhone = "UIInterfaceOrientationPortrait UIInterfaceOrientationLandscapeLeft UIInterfaceOrientationLandscapeRight";
				LD_RUNPATH_SEARCH_PATHS = (
					"$(inherited)",
					"@executable_path/Frameworks",
				);
				MARKETING_VERSION = 1.0;
				PRODUCT_BUNDLE_IDENTIFIER = com.edwardseshoka.CreditWise;
				PRODUCT_NAME = "$(TARGET_NAME)";
				SWIFT_EMIT_LOC_STRINGS = YES;
				SWIFT_VERSION = 5.0;
				TARGETED_DEVICE_FAMILY = "1,2";
			};
			name = Release;
		};
		40083F042816FC6C00F07F4A /* Debug */ = {
			isa = XCBuildConfiguration;
			buildSettings = {
				ALWAYS_EMBED_SWIFT_STANDARD_LIBRARIES = YES;
				BUNDLE_LOADER = "$(TEST_HOST)";
				CODE_SIGN_STYLE = Automatic;
				CURRENT_PROJECT_VERSION = 1;
				GENERATE_INFOPLIST_FILE = YES;
				IPHONEOS_DEPLOYMENT_TARGET = 15.2;
				MARKETING_VERSION = 1.0;
				PRODUCT_BUNDLE_IDENTIFIER = com.edwardseshoka.CreditWiseTests;
				PRODUCT_NAME = "$(TARGET_NAME)";
				SWIFT_EMIT_LOC_STRINGS = NO;
				SWIFT_VERSION = 5.0;
				TARGETED_DEVICE_FAMILY = "1,2";
				TEST_HOST = "$(BUILT_PRODUCTS_DIR)/CreditWise.app/CreditWise";
			};
			name = Debug;
		};
		40083F052816FC6C00F07F4A /* Release */ = {
			isa = XCBuildConfiguration;
			buildSettings = {
				ALWAYS_EMBED_SWIFT_STANDARD_LIBRARIES = YES;
				BUNDLE_LOADER = "$(TEST_HOST)";
				CODE_SIGN_STYLE = Automatic;
				CURRENT_PROJECT_VERSION = 1;
				GENERATE_INFOPLIST_FILE = YES;
				IPHONEOS_DEPLOYMENT_TARGET = 15.2;
				MARKETING_VERSION = 1.0;
				PRODUCT_BUNDLE_IDENTIFIER = com.edwardseshoka.CreditWiseTests;
				PRODUCT_NAME = "$(TARGET_NAME)";
				SWIFT_EMIT_LOC_STRINGS = NO;
				SWIFT_VERSION = 5.0;
				TARGETED_DEVICE_FAMILY = "1,2";
				TEST_HOST = "$(BUILT_PRODUCTS_DIR)/CreditWise.app/CreditWise";
			};
			name = Release;
		};
		40083F072816FC6C00F07F4A /* Debug */ = {
			isa = XCBuildConfiguration;
			buildSettings = {
				ALWAYS_EMBED_SWIFT_STANDARD_LIBRARIES = YES;
				CODE_SIGN_STYLE = Automatic;
				CURRENT_PROJECT_VERSION = 1;
				GENERATE_INFOPLIST_FILE = YES;
				MARKETING_VERSION = 1.0;
				PRODUCT_BUNDLE_IDENTIFIER = com.edwardseshoka.CreditWiseUITests;
				PRODUCT_NAME = "$(TARGET_NAME)";
				SWIFT_EMIT_LOC_STRINGS = NO;
				SWIFT_VERSION = 5.0;
				TARGETED_DEVICE_FAMILY = "1,2";
				TEST_TARGET_NAME = CreditWise;
			};
			name = Debug;
		};
		40083F082816FC6C00F07F4A /* Release */ = {
			isa = XCBuildConfiguration;
			buildSettings = {
				ALWAYS_EMBED_SWIFT_STANDARD_LIBRARIES = YES;
				CODE_SIGN_STYLE = Automatic;
				CURRENT_PROJECT_VERSION = 1;
				GENERATE_INFOPLIST_FILE = YES;
				MARKETING_VERSION = 1.0;
				PRODUCT_BUNDLE_IDENTIFIER = com.edwardseshoka.CreditWiseUITests;
				PRODUCT_NAME = "$(TARGET_NAME)";
				SWIFT_EMIT_LOC_STRINGS = NO;
				SWIFT_VERSION = 5.0;
				TARGETED_DEVICE_FAMILY = "1,2";
				TEST_TARGET_NAME = CreditWise;
			};
			name = Release;
		};
/* End XCBuildConfiguration section */

/* Begin XCConfigurationList section */
		40083ED12816FC6900F07F4A /* Build configuration list for PBXProject "CreditWise" */ = {
			isa = XCConfigurationList;
			buildConfigurations = (
				40083EFE2816FC6C00F07F4A /* Debug */,
				40083EFF2816FC6C00F07F4A /* Release */,
			);
			defaultConfigurationIsVisible = 0;
			defaultConfigurationName = Release;
		};
		40083F002816FC6C00F07F4A /* Build configuration list for PBXNativeTarget "CreditWise" */ = {
			isa = XCConfigurationList;
			buildConfigurations = (
				40083F012816FC6C00F07F4A /* Debug */,
				40083F022816FC6C00F07F4A /* Release */,
			);
			defaultConfigurationIsVisible = 0;
			defaultConfigurationName = Release;
		};
		40083F032816FC6C00F07F4A /* Build configuration list for PBXNativeTarget "CreditWiseTests" */ = {
			isa = XCConfigurationList;
			buildConfigurations = (
				40083F042816FC6C00F07F4A /* Debug */,
				40083F052816FC6C00F07F4A /* Release */,
			);
			defaultConfigurationIsVisible = 0;
			defaultConfigurationName = Release;
		};
		40083F062816FC6C00F07F4A /* Build configuration list for PBXNativeTarget "CreditWiseUITests" */ = {
			isa = XCConfigurationList;
			buildConfigurations = (
				40083F072816FC6C00F07F4A /* Debug */,
				40083F082816FC6C00F07F4A /* Release */,
			);
			defaultConfigurationIsVisible = 0;
			defaultConfigurationName = Release;
		};
/* End XCConfigurationList section */
	};
	rootObject = 40083ECE2816FC6900F07F4A /* Project object */;
}
